PODS:
  - Alamofire (5.6.4)
  - OTPInputView (0.1.2)
  - Realm (10.39.1):
    - Realm/Headers (= 10.39.1)
  - Realm/Headers (10.39.1)
  - RealmSwift (10.39.1):
    - Realm (= 10.39.1)
  - SDWebImage (5.14.2):
    - SDWebImage/Core (= 5.14.2)
  - SDWebImage/Core (5.14.2)
  - SnapKit (5.6.0)
  - SwiftyJSON (5.0.1)

DEPENDENCIES:
  - Alamofire
  - OTPInputView
  - RealmSwift
  - SDWebImage
  - SnapKit
  - SwiftyJSON

SPEC REPOS:
  trunk:
    - Alamofire
    - OTPInputView
    - Realm
    - RealmSwift
    - SDWebImage
    - SnapKit
    - SwiftyJSON

SPEC CHECKSUMS:
  Alamofire: 4e95d97098eacb88856099c4fc79b526a299e48c
  OTPInputView: 8a7cc613e29d264f799d121169d00a745cae4c00
  Realm: 1f3157edf145f4d9036765ab550c8cb18f62b700
  RealmSwift: 8a69a1cb788cd5865966f49667b130567e07bceb
  SDWebImage: b9a731e1d6307f44ca703b3976d18c24ca561e84
  SnapKit: e01d52ebb8ddbc333eefe2132acf85c8227d9c25
  SwiftyJSON: 2f33a42c6fbc52764d96f13368585094bfd8aa5e

PODFILE CHECKSUM: 0f44bfb91012b3422fb5695084f52e6b58d8a655

COCOAPODS: 1.11.3
